// !$*UTF8*$!
{
	archiveVersion = 1;
	classes = {
	};
	objectVersion = 56;
	objects = {

/* Begin PBXBuildFile section */
		C641E71F2B45D6400083448A /* AppDelegate.swift in Sources */ = {isa = PBXBuildFile; fileRef = C641E71E2B45D6400083448A /* AppDelegate.swift */; };
		C641E7212B45D6400083448A /* SceneDelegate.swift in Sources */ = {isa = PBXBuildFile; fileRef = C641E7202B45D6400083448A /* SceneDelegate.swift */; };
		C641E7282B45D6410083448A /* Assets.xcassets in Resources */ = {isa = PBXBuildFile; fileRef = C641E7272B45D6410083448A /* Assets.xcassets */; };
		C641E72B2B45D6410083448A /* LaunchScreen.storyboard in Resources */ = {isa = PBXBuildFile; fileRef = C641E7292B45D6410083448A /* LaunchScreen.storyboard */; };
		C641E7392B45DF250083448A /* RMLocation.swift in Sources */ = {isa = PBXBuildFile; fileRef = C641E7382B45DF250083448A /* RMLocation.swift */; };
		C641E73D2B45E3DE0083448A /* RMCharaters.swift in Sources */ = {isa = PBXBuildFile; fileRef = C641E73C2B45E3DE0083448A /* RMCharaters.swift */; };
		C641E73F2B45E3ED0083448A /* RMEpisode.swift in Sources */ = {isa = PBXBuildFile; fileRef = C641E73E2B45E3ED0083448A /* RMEpisode.swift */; };
		C641E7422B45E4C40083448A /* RMCharacterViewController.swift in Sources */ = {isa = PBXBuildFile; fileRef = C641E7412B45E4C40083448A /* RMCharacterViewController.swift */; };
		C641E7442B45E4D20083448A /* RMLocationViewController.swift in Sources */ = {isa = PBXBuildFile; fileRef = C641E7432B45E4D20083448A /* RMLocationViewController.swift */; };
		C641E7462B45E4EA0083448A /* RMEpisodeViewController.swift in Sources */ = {isa = PBXBuildFile; fileRef = C641E7452B45E4EA0083448A /* RMEpisodeViewController.swift */; };
		C641E7492B45E5050083448A /* RMSettingViewController.swift in Sources */ = {isa = PBXBuildFile; fileRef = C641E7482B45E5050083448A /* RMSettingViewController.swift */; };
		C641E74B2B45E55A0083448A /* RMTabBarController.swift in Sources */ = {isa = PBXBuildFile; fileRef = C641E74A2B45E55A0083448A /* RMTabBarController.swift */; };
		C641E74D2B47230A0083448A /* RMService.swift in Sources */ = {isa = PBXBuildFile; fileRef = C641E74C2B47230A0083448A /* RMService.swift */; };
		C641E74F2B47231F0083448A /* RMRequest.swift in Sources */ = {isa = PBXBuildFile; fileRef = C641E74E2B47231F0083448A /* RMRequest.swift */; };
		C641E7512B4723D50083448A /* RMEndpoint.swift in Sources */ = {isa = PBXBuildFile; fileRef = C641E7502B4723D40083448A /* RMEndpoint.swift */; };
/* End PBXBuildFile section */

/* Begin PBXFileReference section */
		C641E71B2B45D6400083448A /* RickAndMorty.app */ = {isa = PBXFileReference; explicitFileType = wrapper.application; includeInIndex = 0; path = RickAndMorty.app; sourceTree = BUILT_PRODUCTS_DIR; };
		C641E71E2B45D6400083448A /* AppDelegate.swift */ = {isa = PBXFileReference; lastKnownFileType = sourcecode.swift; path = AppDelegate.swift; sourceTree = "<group>"; };
		C641E7202B45D6400083448A /* SceneDelegate.swift */ = {isa = PBXFileReference; lastKnownFileType = sourcecode.swift; path = SceneDelegate.swift; sourceTree = "<group>"; };
		C641E7272B45D6410083448A /* Assets.xcassets */ = {isa = PBXFileReference; lastKnownFileType = folder.assetcatalog; path = Assets.xcassets; sourceTree = "<group>"; };
		C641E72A2B45D6410083448A /* Base */ = {isa = PBXFileReference; lastKnownFileType = file.storyboard; name = Base; path = Base.lproj/LaunchScreen.storyboard; sourceTree = "<group>"; };
		C641E72C2B45D6410083448A /* Info.plist */ = {isa = PBXFileReference; lastKnownFileType = text.plist.xml; path = Info.plist; sourceTree = "<group>"; };
		C641E7382B45DF250083448A /* RMLocation.swift */ = {isa = PBXFileReference; lastKnownFileType = sourcecode.swift; path = RMLocation.swift; sourceTree = "<group>"; };
		C641E73C2B45E3DE0083448A /* RMCharaters.swift */ = {isa = PBXFileReference; lastKnownFileType = sourcecode.swift; path = RMCharaters.swift; sourceTree = "<group>"; };
		C641E73E2B45E3ED0083448A /* RMEpisode.swift */ = {isa = PBXFileReference; lastKnownFileType = sourcecode.swift; path = RMEpisode.swift; sourceTree = "<group>"; };
		C641E7412B45E4C40083448A /* RMCharacterViewController.swift */ = {isa = PBXFileReference; lastKnownFileType = sourcecode.swift; path = RMCharacterViewController.swift; sourceTree = "<group>"; };
		C641E7432B45E4D20083448A /* RMLocationViewController.swift */ = {isa = PBXFileReference; lastKnownFileType = sourcecode.swift; path = RMLocationViewController.swift; sourceTree = "<group>"; };
		C641E7452B45E4EA0083448A /* RMEpisodeViewController.swift */ = {isa = PBXFileReference; lastKnownFileType = sourcecode.swift; path = RMEpisodeViewController.swift; sourceTree = "<group>"; };
		C641E7482B45E5050083448A /* RMSettingViewController.swift */ = {isa = PBXFileReference; lastKnownFileType = sourcecode.swift; path = RMSettingViewController.swift; sourceTree = "<group>"; };
		C641E74A2B45E55A0083448A /* RMTabBarController.swift */ = {isa = PBXFileReference; lastKnownFileType = sourcecode.swift; path = RMTabBarController.swift; sourceTree = "<group>"; };
		C641E74C2B47230A0083448A /* RMService.swift */ = {isa = PBXFileReference; lastKnownFileType = sourcecode.swift; path = RMService.swift; sourceTree = "<group>"; };
		C641E74E2B47231F0083448A /* RMRequest.swift */ = {isa = PBXFileReference; lastKnownFileType = sourcecode.swift; path = RMRequest.swift; sourceTree = "<group>"; };
		C641E7502B4723D40083448A /* RMEndpoint.swift */ = {isa = PBXFileReference; lastKnownFileType = sourcecode.swift; path = RMEndpoint.swift; sourceTree = "<group>"; };
/* End PBXFileReference section */

/* Begin PBXFrameworksBuildPhase section */
		C641E7182B45D6400083448A /* Frameworks */ = {
			isa = PBXFrameworksBuildPhase;
			buildActionMask = 2147483647;
			files = (
			);
			runOnlyForDeploymentPostprocessing = 0;
		};
/* End PBXFrameworksBuildPhase section */

/* Begin PBXGroup section */
		C641E7122B45D6400083448A = {
			isa = PBXGroup;
			children = (
				C641E71D2B45D6400083448A /* RickAndMorty */,
				C641E71C2B45D6400083448A /* Products */,
			);
			sourceTree = "<group>";
		};
		C641E71C2B45D6400083448A /* Products */ = {
			isa = PBXGroup;
			children = (
				C641E71B2B45D6400083448A /* RickAndMorty.app */,
			);
			name = Products;
			sourceTree = "<group>";
		};
		C641E71D2B45D6400083448A /* RickAndMorty */ = {
			isa = PBXGroup;
			children = (
				C641E7372B45D9550083448A /* Resources */,
				C641E7362B45D8E60083448A /* APIClients */,
				C641E7352B45D8CF0083448A /* ViewModels */,
				C641E7342B45D8B00083448A /* Models */,
				C641E7332B45D8A70083448A /* Views */,
				C641E7322B45D8840083448A /* Controllers */,
				C641E72C2B45D6410083448A /* Info.plist */,
			);
			path = RickAndMorty;
			sourceTree = "<group>";
		};
		C641E7322B45D8840083448A /* Controllers */ = {
			isa = PBXGroup;
			children = (
				C641E7402B45E4850083448A /* Core */,
			);
			path = Controllers;
			sourceTree = "<group>";
		};
		C641E7332B45D8A70083448A /* Views */ = {
			isa = PBXGroup;
			children = (
			);
			path = Views;
			sourceTree = "<group>";
		};
		C641E7342B45D8B00083448A /* Models */ = {
			isa = PBXGroup;
			children = (
				C641E7382B45DF250083448A /* RMLocation.swift */,
				C641E73C2B45E3DE0083448A /* RMCharaters.swift */,
				C641E73E2B45E3ED0083448A /* RMEpisode.swift */,
			);
			path = Models;
			sourceTree = "<group>";
		};
		C641E7352B45D8CF0083448A /* ViewModels */ = {
			isa = PBXGroup;
			children = (
			);
			path = ViewModels;
			sourceTree = "<group>";
		};
		C641E7362B45D8E60083448A /* APIClients */ = {
			isa = PBXGroup;
			children = (
				C641E74C2B47230A0083448A /* RMService.swift */,
				C641E74E2B47231F0083448A /* RMRequest.swift */,
				C641E7502B4723D40083448A /* RMEndpoint.swift */,
			);
			path = APIClients;
			sourceTree = "<group>";
		};
		C641E7372B45D9550083448A /* Resources */ = {
			isa = PBXGroup;
			children = (
				C641E7272B45D6410083448A /* Assets.xcassets */,
				C641E7292B45D6410083448A /* LaunchScreen.storyboard */,
				C641E71E2B45D6400083448A /* AppDelegate.swift */,
				C641E7202B45D6400083448A /* SceneDelegate.swift */,
			);
			path = Resources;
			sourceTree = "<group>";
		};
		C641E7402B45E4850083448A /* Core */ = {
			isa = PBXGroup;
			children = (
				C641E74A2B45E55A0083448A /* RMTabBarController.swift */,
				C641E7412B45E4C40083448A /* RMCharacterViewController.swift */,
				C641E7432B45E4D20083448A /* RMLocationViewController.swift */,
				C641E7452B45E4EA0083448A /* RMEpisodeViewController.swift */,
				C641E7482B45E5050083448A /* RMSettingViewController.swift */,
			);
			path = Core;
			sourceTree = "<group>";
		};
/* End PBXGroup section */

/* Begin PBXNativeTarget section */
		C641E71A2B45D6400083448A /* RickAndMorty */ = {
			isa = PBXNativeTarget;
			buildConfigurationList = C641E72F2B45D6410083448A /* Build configuration list for PBXNativeTarget "RickAndMorty" */;
			buildPhases = (
				C641E7172B45D6400083448A /* Sources */,
				C641E7182B45D6400083448A /* Frameworks */,
				C641E7192B45D6400083448A /* Resources */,
			);
			buildRules = (
			);
			dependencies = (
			);
			name = RickAndMorty;
			productName = RickAndMorty;
			productReference = C641E71B2B45D6400083448A /* RickAndMorty.app */;
			productType = "com.apple.product-type.application";
		};
/* End PBXNativeTarget section */

/* Begin PBXProject section */
		C641E7132B45D6400083448A /* Project object */ = {
			isa = PBXProject;
			attributes = {
				BuildIndependentTargetsInParallel = 1;
				LastSwiftUpdateCheck = 1510;
				LastUpgradeCheck = 1510;
				TargetAttributes = {
					C641E71A2B45D6400083448A = {
						CreatedOnToolsVersion = 15.1;
					};
				};
			};
			buildConfigurationList = C641E7162B45D6400083448A /* Build configuration list for PBXProject "RickAndMorty" */;
			compatibilityVersion = "Xcode 14.0";
			developmentRegion = en;
			hasScannedForEncodings = 0;
			knownRegions = (
				en,
				Base,
			);
			mainGroup = C641E7122B45D6400083448A;
			productRefGroup = C641E71C2B45D6400083448A /* Products */;
			projectDirPath = "";
			projectRoot = "";
			targets = (
				C641E71A2B45D6400083448A /* RickAndMorty */,
			);
		};
/* End PBXProject section */

/* Begin PBXResourcesBuildPhase section */
		C641E7192B45D6400083448A /* Resources */ = {
			isa = PBXResourcesBuildPhase;
			buildActionMask = 2147483647;
			files = (
				C641E72B2B45D6410083448A /* LaunchScreen.storyboard in Resources */,
				C641E7282B45D6410083448A /* Assets.xcassets in Resources */,
			);
			runOnlyForDeploymentPostprocessing = 0;
		};
/* End PBXResourcesBuildPhase section */

/* Begin PBXSourcesBuildPhase section */
		C641E7172B45D6400083448A /* Sources */ = {
			isa = PBXSourcesBuildPhase;
			buildActionMask = 2147483647;
			files = (
				C641E7442B45E4D20083448A /* RMLocationViewController.swift in Sources */,
				C641E73F2B45E3ED0083448A /* RMEpisode.swift in Sources */,
				C641E74B2B45E55A0083448A /* RMTabBarController.swift in Sources */,
				C641E7462B45E4EA0083448A /* RMEpisodeViewController.swift in Sources */,
				C641E7492B45E5050083448A /* RMSettingViewController.swift in Sources */,
				C641E71F2B45D6400083448A /* AppDelegate.swift in Sources */,
				C641E7212B45D6400083448A /* SceneDelegate.swift in Sources */,
				C641E74D2B47230A0083448A /* RMService.swift in Sources */,
				C641E73D2B45E3DE0083448A /* RMCharaters.swift in Sources */,
				C641E7512B4723D50083448A /* RMEndpoint.swift in Sources */,
				C641E7392B45DF250083448A /* RMLocation.swift in Sources */,
				C641E74F2B47231F0083448A /* RMRequest.swift in Sources */,
				C641E7422B45E4C40083448A /* RMCharacterViewController.swift in Sources */,
			);
			runOnlyForDeploymentPostprocessing = 0;
		};
/* End PBXSourcesBuildPhase section */

/* Begin PBXVariantGroup section */
		C641E7292B45D6410083448A /* LaunchScreen.storyboard */ = {
			isa = PBXVariantGroup;
			children = (
				C641E72A2B45D6410083448A /* Base */,
			);
			name = LaunchScreen.storyboard;
			sourceTree = "<group>";
		};
/* End PBXVariantGroup section */

/* Begin XCBuildConfiguration section */
		C641E72D2B45D6410083448A /* Debug */ = {
			isa = XCBuildConfiguration;
			buildSettings = {
				ALWAYS_SEARCH_USER_PATHS = NO;
				ASSETCATALOG_COMPILER_GENERATE_SWIFT_ASSET_SYMBOL_EXTENSIONS = YES;
				CLANG_ANALYZER_NONNULL = YES;
				CLANG_ANALYZER_NUMBER_OBJECT_CONVERSION = YES_AGGRESSIVE;
				CLANG_CXX_LANGUAGE_STANDARD = "gnu++20";
				CLANG_ENABLE_MODULES = YES;
				CLANG_ENABLE_OBJC_ARC = YES;
				CLANG_ENABLE_OBJC_WEAK = YES;
				CLANG_WARN_BLOCK_CAPTURE_AUTORELEASING = YES;
				CLANG_WARN_BOOL_CONVERSION = YES;
				CLANG_WARN_COMMA = YES;
				CLANG_WARN_CONSTANT_CONVERSION = YES;
				CLANG_WARN_DEPRECATED_OBJC_IMPLEMENTATIONS = YES;
				CLANG_WARN_DIRECT_OBJC_ISA_USAGE = YES_ERROR;
				CLANG_WARN_DOCUMENTATION_COMMENTS = YES;
				CLANG_WARN_EMPTY_BODY = YES;
				CLANG_WARN_ENUM_CONVERSION = YES;
				CLANG_WARN_INFINITE_RECURSION = YES;
				CLANG_WARN_INT_CONVERSION = YES;
				CLANG_WARN_NON_LITERAL_NULL_CONVERSION = YES;
				CLANG_WARN_OBJC_IMPLICIT_RETAIN_SELF = YES;
				CLANG_WARN_OBJC_LITERAL_CONVERSION = YES;
				CLANG_WARN_OBJC_ROOT_CLASS = YES_ERROR;
				CLANG_WARN_QUOTED_INCLUDE_IN_FRAMEWORK_HEADER = YES;
				CLANG_WARN_RANGE_LOOP_ANALYSIS = YES;
				CLANG_WARN_STRICT_PROTOTYPES = YES;
				CLANG_WARN_SUSPICIOUS_MOVE = YES;
				CLANG_WARN_UNGUARDED_AVAILABILITY = YES_AGGRESSIVE;
				CLANG_WARN_UNREACHABLE_CODE = YES;
				CLANG_WARN__DUPLICATE_METHOD_MATCH = YES;
				COPY_PHASE_STRIP = NO;
				DEBUG_INFORMATION_FORMAT = dwarf;
				ENABLE_STRICT_OBJC_MSGSEND = YES;
				ENABLE_TESTABILITY = YES;
				ENABLE_USER_SCRIPT_SANDBOXING = YES;
				GCC_C_LANGUAGE_STANDARD = gnu17;
				GCC_DYNAMIC_NO_PIC = NO;
				GCC_NO_COMMON_BLOCKS = YES;
				GCC_OPTIMIZATION_LEVEL = 0;
				GCC_PREPROCESSOR_DEFINITIONS = (
					"DEBUG=1",
					"$(inherited)",
				);
				GCC_WARN_64_TO_32_BIT_CONVERSION = YES;
				GCC_WARN_ABOUT_RETURN_TYPE = YES_ERROR;
				GCC_WARN_UNDECLARED_SELECTOR = YES;
				GCC_WARN_UNINITIALIZED_AUTOS = YES_AGGRESSIVE;
				GCC_WARN_UNUSED_FUNCTION = YES;
				GCC_WARN_UNUSED_VARIABLE = YES;
				IPHONEOS_DEPLOYMENT_TARGET = 17.2;
				LOCALIZATION_PREFERS_STRING_CATALOGS = YES;
				MTL_ENABLE_DEBUG_INFO = INCLUDE_SOURCE;
				MTL_FAST_MATH = YES;
				ONLY_ACTIVE_ARCH = YES;
				SDKROOT = iphoneos;
				SWIFT_ACTIVE_COMPILATION_CONDITIONS = "DEBUG $(inherited)";
				SWIFT_OPTIMIZATION_LEVEL = "-Onone";
			};
			name = Debug;
		};
		C641E72E2B45D6410083448A /* Release */ = {
			isa = XCBuildConfiguration;
			buildSettings = {
				ALWAYS_SEARCH_USER_PATHS = NO;
				ASSETCATALOG_COMPILER_GENERATE_SWIFT_ASSET_SYMBOL_EXTENSIONS = YES;
				CLANG_ANALYZER_NONNULL = YES;
				CLANG_ANALYZER_NUMBER_OBJECT_CONVERSION = YES_AGGRESSIVE;
				CLANG_CXX_LANGUAGE_STANDARD = "gnu++20";
				CLANG_ENABLE_MODULES = YES;
				CLANG_ENABLE_OBJC_ARC = YES;
				CLANG_ENABLE_OBJC_WEAK = YES;
				CLANG_WARN_BLOCK_CAPTURE_AUTORELEASING = YES;
				CLANG_WARN_BOOL_CONVERSION = YES;
				CLANG_WARN_COMMA = YES;
				CLANG_WARN_CONSTANT_CONVERSION = YES;
				CLANG_WARN_DEPRECATED_OBJC_IMPLEMENTATIONS = YES;
				CLANG_WARN_DIRECT_OBJC_ISA_USAGE = YES_ERROR;
				CLANG_WARN_DOCUMENTATION_COMMENTS = YES;
				CLANG_WARN_EMPTY_BODY = YES;
				CLANG_WARN_ENUM_CONVERSION = YES;
				CLANG_WARN_INFINITE_RECURSION = YES;
				CLANG_WARN_INT_CONVERSION = YES;
				CLANG_WARN_NON_LITERAL_NULL_CONVERSION = YES;
				CLANG_WARN_OBJC_IMPLICIT_RETAIN_SELF = YES;
				CLANG_WARN_OBJC_LITERAL_CONVERSION = YES;
				CLANG_WARN_OBJC_ROOT_CLASS = YES_ERROR;
				CLANG_WARN_QUOTED_INCLUDE_IN_FRAMEWORK_HEADER = YES;
				CLANG_WARN_RANGE_LOOP_ANALYSIS = YES;
				CLANG_WARN_STRICT_PROTOTYPES = YES;
				CLANG_WARN_SUSPICIOUS_MOVE = YES;
				CLANG_WARN_UNGUARDED_AVAILABILITY = YES_AGGRESSIVE;
				CLANG_WARN_UNREACHABLE_CODE = YES;
				CLANG_WARN__DUPLICATE_METHOD_MATCH = YES;
				COPY_PHASE_STRIP = NO;
				DEBUG_INFORMATION_FORMAT = "dwarf-with-dsym";
				ENABLE_NS_ASSERTIONS = NO;
				ENABLE_STRICT_OBJC_MSGSEND = YES;
				ENABLE_USER_SCRIPT_SANDBOXING = YES;
				GCC_C_LANGUAGE_STANDARD = gnu17;
				GCC_NO_COMMON_BLOCKS = YES;
				GCC_WARN_64_TO_32_BIT_CONVERSION = YES;
				GCC_WARN_ABOUT_RETURN_TYPE = YES_ERROR;
				GCC_WARN_UNDECLARED_SELECTOR = YES;
				GCC_WARN_UNINITIALIZED_AUTOS = YES_AGGRESSIVE;
				GCC_WARN_UNUSED_FUNCTION = YES;
				GCC_WARN_UNUSED_VARIABLE = YES;
				IPHONEOS_DEPLOYMENT_TARGET = 17.2;
				LOCALIZATION_PREFERS_STRING_CATALOGS = YES;
				MTL_ENABLE_DEBUG_INFO = NO;
				MTL_FAST_MATH = YES;
				SDKROOT = iphoneos;
				SWIFT_COMPILATION_MODE = wholemodule;
				VALIDATE_PRODUCT = YES;
			};
			name = Release;
		};
		C641E7302B45D6410083448A /* Debug */ = {
			isa = XCBuildConfiguration;
			buildSettings = {
				ASSETCATALOG_COMPILER_APPICON_NAME = AppIcon;
				ASSETCATALOG_COMPILER_GLOBAL_ACCENT_COLOR_NAME = AccentColor;
				CODE_SIGN_STYLE = Automatic;
				CURRENT_PROJECT_VERSION = 1;
				DEVELOPMENT_TEAM = FZYRH5V929;
				GENERATE_INFOPLIST_FILE = YES;
				INFOPLIST_FILE = RickAndMorty/Info.plist;
				INFOPLIST_KEY_UIApplicationSupportsIndirectInputEvents = YES;
				INFOPLIST_KEY_UILaunchStoryboardName = LaunchScreen;
				INFOPLIST_KEY_UISupportedInterfaceOrientations_iPad = "UIInterfaceOrientationPortrait UIInterfaceOrientationPortraitUpsideDown UIInterfaceOrientationLandscapeLeft UIInterfaceOrientationLandscapeRight";
				INFOPLIST_KEY_UISupportedInterfaceOrientations_iPhone = "UIInterfaceOrientationPortrait UIInterfaceOrientationLandscapeLeft UIInterfaceOrientationLandscapeRight";
				LD_RUNPATH_SEARCH_PATHS = (
					"$(inherited)",
					"@executable_path/Frameworks",
				);
				MARKETING_VERSION = 1.0;
				PRODUCT_BUNDLE_IDENTIFIER = com.alandis.RickAndMorty;
				PRODUCT_NAME = "$(TARGET_NAME)";
				SWIFT_EMIT_LOC_STRINGS = YES;
				SWIFT_VERSION = 5.0;
				TARGETED_DEVICE_FAMILY = "1,2";
			};
			name = Debug;
		};
		C641E7312B45D6410083448A /* Release */ = {
			isa = XCBuildConfiguration;
			buildSettings = {
				ASSETCATALOG_COMPILER_APPICON_NAME = AppIcon;
				ASSETCATALOG_COMPILER_GLOBAL_ACCENT_COLOR_NAME = AccentColor;
				CODE_SIGN_STYLE = Automatic;
				CURRENT_PROJECT_VERSION = 1;
				DEVELOPMENT_TEAM = FZYRH5V929;
				GENERATE_INFOPLIST_FILE = YES;
				INFOPLIST_FILE = RickAndMorty/Info.plist;
				INFOPLIST_KEY_UIApplicationSupportsIndirectInputEvents = YES;
				INFOPLIST_KEY_UILaunchStoryboardName = LaunchScreen;
				INFOPLIST_KEY_UISupportedInterfaceOrientations_iPad = "UIInterfaceOrientationPortrait UIInterfaceOrientationPortraitUpsideDown UIInterfaceOrientationLandscapeLeft UIInterfaceOrientationLandscapeRight";
				INFOPLIST_KEY_UISupportedInterfaceOrientations_iPhone = "UIInterfaceOrientationPortrait UIInterfaceOrientationLandscapeLeft UIInterfaceOrientationLandscapeRight";
				LD_RUNPATH_SEARCH_PATHS = (
					"$(inherited)",
					"@executable_path/Frameworks",
				);
				MARKETING_VERSION = 1.0;
				PRODUCT_BUNDLE_IDENTIFIER = com.alandis.RickAndMorty;
				PRODUCT_NAME = "$(TARGET_NAME)";
				SWIFT_EMIT_LOC_STRINGS = YES;
				SWIFT_VERSION = 5.0;
				TARGETED_DEVICE_FAMILY = "1,2";
			};
			name = Release;
		};
/* End XCBuildConfiguration section */

/* Begin XCConfigurationList section */
		C641E7162B45D6400083448A /* Build configuration list for PBXProject "RickAndMorty" */ = {
			isa = XCConfigurationList;
			buildConfigurations = (
				C641E72D2B45D6410083448A /* Debug */,
				C641E72E2B45D6410083448A /* Release */,
			);
			defaultConfigurationIsVisible = 0;
			defaultConfigurationName = Release;
		};
		C641E72F2B45D6410083448A /* Build configuration list for PBXNativeTarget "RickAndMorty" */ = {
			isa = XCConfigurationList;
			buildConfigurations = (
				C641E7302B45D6410083448A /* Debug */,
				C641E7312B45D6410083448A /* Release */,
			);
			defaultConfigurationIsVisible = 0;
			defaultConfigurationName = Release;
		};
/* End XCConfigurationList section */
	};
	rootObject = C641E7132B45D6400083448A /* Project object */;
}
